
Microsoft Visual Studio Solution File, Format Version 12.00
# Visual Studio 15
VisualStudioVersion = 15.0.28307.572
MinimumVisualStudioVersion = 10.0.40219.1
Project("{8BC9CEB8-8B4A-11D0-8D11-00A0C91BC942}") = "SectionRemapLoader", "SectionRemapLoader\SectionRemapLoader.vcxproj", "{1A5C022E-09FE-43B9-A474-E800E16F72BB}"
EndProject
Global
	GlobalSection(SolutionConfigurationPlatforms) = preSolution
		Debug|x64 = Debug|x64
		Debug|x86 = Debug|x86
		Release|x64 = Release|x64
		Release|x86 = Release|x86
	EndGlobalSection
	GlobalSection(ProjectConfigurationPlatforms) = postSolution
		{1A5C022E-09FE-43B9-A474-E800E16F72BB}.Debug|x64.ActiveCfg = Debug|x64
		{1A5C022E-09FE-43B9-A474-E800E16F72BB}.Debug|x64.Build.0 = Debug|x64
		{1A5C022E-09FE-43B9-A474-E800E16F72BB}.Debug|x86.ActiveCfg = Debug|Win32
		{1A5C022E-09FE-43B9-A474-E800E16F72BB}.Debug|x86.Build.0 = Debug|Win32
		{1A5C022E-09FE-43B9-A474-E800E16F72BB}.Release|x64.ActiveCfg = Release|x64
		{1A5C022E-09FE-43B9-A474-E800E16F72BB}.Release|x64.Build.0 = Release|x64
		{1A5C022E-09FE-43B9-A474-E800E16F72BB}.Release|x86.ActiveCfg = Release|Win32
		{1A5C022E-09FE-43B9-A474-E800E16F72BB}.Release|x86.Build.0 = Release|Win32
	EndGlobalSection
	GlobalSection(SolutionProperties) = preSolution
		HideSolutionNode = FALSE
	EndGlobalSection
	GlobalSection(ExtensibilityGlobals) = postSolution
		SolutionGuid = {8A23134A-0A4B-4B37-846E-657152072C1B}
	EndGlobalSection
EndGlobal
